
Microsoft Visual Studio Solution File, Format Version 12.00
# Visual Studio Version 17
VisualStudioVersion = 17.13.35825.156 d17.13
MinimumVisualStudioVersion = 10.0.40219.1
Project("{FAE04EC0-301F-11D3-BF4B-00C04F79EFBC}") = "DataGen", "DataGen\DataGen.csproj", "{595C43AC-EA69-4812-BA58-887C47B434A5}"
EndProject
Project("{FAE04EC0-301F-11D3-BF4B-00C04F79EFBC}") = "Model", "Model\Model.csproj", "{C6163532-1D0E-4A0C-A95A-26B37E690660}"
EndProject
Project("{FAE04EC0-301F-11D3-BF4B-00C04F79EFBC}") = "WebApplication1", "WebApplication1\WebApplication1.csproj", "{B287523C-A787-4C24-B843-42A3AFA66622}"
EndProject
Global
	GlobalSection(SolutionConfigurationPlatforms) = preSolution
		Debug|Any CPU = Debug|Any CPU
		Release|Any CPU = Release|Any CPU
	EndGlobalSection
	GlobalSection(ProjectConfigurationPlatforms) = postSolution
		{595C43AC-EA69-4812-BA58-887C47B434A5}.Debug|Any CPU.ActiveCfg = Debug|Any CPU
		{595C43AC-EA69-4812-BA58-887C47B434A5}.Debug|Any CPU.Build.0 = Debug|Any CPU
		{595C43AC-EA69-4812-BA58-887C47B434A5}.Release|Any CPU.ActiveCfg = Release|Any CPU
		{595C43AC-EA69-4812-BA58-887C47B434A5}.Release|Any CPU.Build.0 = Release|Any CPU
		{C6163532-1D0E-4A0C-A95A-26B37E690660}.Debug|Any CPU.ActiveCfg = Debug|Any CPU
		{C6163532-1D0E-4A0C-A95A-26B37E690660}.Debug|Any CPU.Build.0 = Debug|Any CPU
		{C6163532-1D0E-4A0C-A95A-26B37E690660}.Release|Any CPU.ActiveCfg = Release|Any CPU
		{C6163532-1D0E-4A0C-A95A-26B37E690660}.Release|Any CPU.Build.0 = Release|Any CPU
		{B287523C-A787-4C24-B843-42A3AFA66622}.Debug|Any CPU.ActiveCfg = Debug|Any CPU
		{B287523C-A787-4C24-B843-42A3AFA66622}.Debug|Any CPU.Build.0 = Debug|Any CPU
		{B287523C-A787-4C24-B843-42A3AFA66622}.Release|Any CPU.ActiveCfg = Release|Any CPU
		{B287523C-A787-4C24-B843-42A3AFA66622}.Release|Any CPU.Build.0 = Release|Any CPU
	EndGlobalSection
	GlobalSection(SolutionProperties) = preSolution
		HideSolutionNode = FALSE
	EndGlobalSection
	GlobalSection(ExtensibilityGlobals) = postSolution
		SolutionGuid = {8DA388CE-44B0-4855-8286-2A81A6F37267}
	EndGlobalSection
EndGlobal
